
Microsoft Visual Studio Solution File, Format Version 12.00
# Visual Studio Version 17
VisualStudioVersion = 17.9.34616.47
MinimumVisualStudioVersion = 10.0.40219.1
Project("{9A19103F-16F7-4668-BE54-9A1E7A4F7556}") = "EfCore6Fundaments.Console", "EfCore6Fundaments.Console\EfCore6Fundaments.Console.csproj", "{880FC4FB-AC90-4A89-A40F-57A01B2B529E}"
EndProject
Project("{9A19103F-16F7-4668-BE54-9A1E7A4F7556}") = "EfCore6Fundaments.Domain", "EfCore6Fundaments.Domian\EfCore6Fundaments.Domain.csproj", "{550A457E-DB1C-4FB9-80A1-94BAEA00FB74}"
EndProject
Project("{9A19103F-16F7-4668-BE54-9A1E7A4F7556}") = "EfCore6Fundaments.Data", "EfCore6Fundaments.Data\EfCore6Fundaments.Data.csproj", "{F3436674-09AD-4386-A882-899972D3167E}"
EndProject
Project("{FAE04EC0-301F-11D3-BF4B-00C04F79EFBC}") = "PubAPI", "PubAPI\PubAPI.csproj", "{F88D9566-B6D4-4AE2-84A4-61CA1F8A9AA5}"
EndProject
Global
	GlobalSection(SolutionConfigurationPlatforms) = preSolution
		Debug|Any CPU = Debug|Any CPU
		Release|Any CPU = Release|Any CPU
	EndGlobalSection
	GlobalSection(ProjectConfigurationPlatforms) = postSolution
		{880FC4FB-AC90-4A89-A40F-57A01B2B529E}.Debug|Any CPU.ActiveCfg = Debug|Any CPU
		{880FC4FB-AC90-4A89-A40F-57A01B2B529E}.Debug|Any CPU.Build.0 = Debug|Any CPU
		{880FC4FB-AC90-4A89-A40F-57A01B2B529E}.Release|Any CPU.ActiveCfg = Release|Any CPU
		{880FC4FB-AC90-4A89-A40F-57A01B2B529E}.Release|Any CPU.Build.0 = Release|Any CPU
		{550A457E-DB1C-4FB9-80A1-94BAEA00FB74}.Debug|Any CPU.ActiveCfg = Debug|Any CPU
		{550A457E-DB1C-4FB9-80A1-94BAEA00FB74}.Debug|Any CPU.Build.0 = Debug|Any CPU
		{550A457E-DB1C-4FB9-80A1-94BAEA00FB74}.Release|Any CPU.ActiveCfg = Release|Any CPU
		{550A457E-DB1C-4FB9-80A1-94BAEA00FB74}.Release|Any CPU.Build.0 = Release|Any CPU
		{F3436674-09AD-4386-A882-899972D3167E}.Debug|Any CPU.ActiveCfg = Debug|Any CPU
		{F3436674-09AD-4386-A882-899972D3167E}.Debug|Any CPU.Build.0 = Debug|Any CPU
		{F3436674-09AD-4386-A882-899972D3167E}.Release|Any CPU.ActiveCfg = Release|Any CPU
		{F3436674-09AD-4386-A882-899972D3167E}.Release|Any CPU.Build.0 = Release|Any CPU
		{F88D9566-B6D4-4AE2-84A4-61CA1F8A9AA5}.Debug|Any CPU.ActiveCfg = Debug|Any CPU
		{F88D9566-B6D4-4AE2-84A4-61CA1F8A9AA5}.Debug|Any CPU.Build.0 = Debug|Any CPU
		{F88D9566-B6D4-4AE2-84A4-61CA1F8A9AA5}.Release|Any CPU.ActiveCfg = Release|Any CPU
		{F88D9566-B6D4-4AE2-84A4-61CA1F8A9AA5}.Release|Any CPU.Build.0 = Release|Any CPU
	EndGlobalSection
	GlobalSection(SolutionProperties) = preSolution
		HideSolutionNode = FALSE
	EndGlobalSection
	GlobalSection(ExtensibilityGlobals) = postSolution
		SolutionGuid = {74444564-5A4B-403B-859C-B6F30A2936EC}
	EndGlobalSection
EndGlobal
